Microsoft Visual Studio Solution File, Format Version 12.00
# Visual Studio 15
VisualStudioVersion = 15.0.27428.2043
MinimumVisualStudioVersion = 10.0.40219.1
Project("{FAE04EC0-301F-11D3-BF4B-00C04F79EFBC}") = "AstonProject", "AstonProject.csproj", "{2D856D9A-9CF8-4A8A-BA0F-63336528D490}"
EndProject
Project("{FAE04EC0-301F-11D3-BF4B-00C04F79EFBC}") = "AstonProject.Tests", "AstonProject.Tests\AstonProject.Tests.csproj", "{71948FEA-613E-4261-9473-BAD1718C0F93}"
EndProject
Global
	GlobalSection(SolutionConfigurationPlatforms) = preSolution
		Debug|Any CPU = Debug|Any CPU
		Release|Any CPU = Release|Any CPU
	EndGlobalSection
	GlobalSection(ProjectConfigurationPlatforms) = postSolution
		{2D856D9A-9CF8-4A8A-BA0F-63336528D490}.Debug|Any CPU.ActiveCfg = Debug|Any CPU
		{2D856D9A-9CF8-4A8A-BA0F-63336528D490}.Debug|Any CPU.Build.0 = Debug|Any CPU
		{2D856D9A-9CF8-4A8A-BA0F-63336528D490}.Release|Any CPU.ActiveCfg = Release|Any CPU
		{2D856D9A-9CF8-4A8A-BA0F-63336528D490}.Release|Any CPU.Build.0 = Release|Any CPU
		{71948FEA-613E-4261-9473-BAD1718C0F93}.Debug|Any CPU.ActiveCfg = Debug|Any CPU
		{71948FEA-613E-4261-9473-BAD1718C0F93}.Debug|Any CPU.Build.0 = Debug|Any CPU
		{71948FEA-613E-4261-9473-BAD1718C0F93}.Release|Any CPU.ActiveCfg = Release|Any CPU
		{71948FEA-613E-4261-9473-BAD1718C0F93}.Release|Any CPU.Build.0 = Release|Any CPU
	EndGlobalSection
	GlobalSection(SolutionProperties) = preSolution
		HideSolutionNode = FALSE
	EndGlobalSection
	GlobalSection(ExtensibilityGlobals) = postSolution
		SolutionGuid = {2BBFBE2B-E33D-4D4E-B2B8-05790F843B92}
	EndGlobalSection
EndGlobal
